Microsoft Visual Studio Solution File, Format Version 11.00
# Visual Studio 2008

Project("{42854E2C-C52D-3C2E-C1BD-3991487176A4}") = "BallS", "Assembly-CSharp-vs.csproj", "{EACCD2EA-697D-4963-8F6A-1CA47A19E86B}"
EndProject
Global
	GlobalSection(SolutionConfigurationPlatforms) = preSolution
		Debug|Any CPU = Debug|Any CPU
		Release|Any CPU = Release|Any CPU
	EndGlobalSection
	GlobalSection(ProjectConfigurationPlatforms) = postSolution
		{EACCD2EA-697D-4963-8F6A-1CA47A19E86B}.Debug|Any CPU.ActiveCfg = Debug|Any CPU
		{EACCD2EA-697D-4963-8F6A-1CA47A19E86B}.Debug|Any CPU.Build.0 = Debug|Any CPU
		{EACCD2EA-697D-4963-8F6A-1CA47A19E86B}.Release|Any CPU.ActiveCfg = Release|Any CPU
		{EACCD2EA-697D-4963-8F6A-1CA47A19E86B}.Release|Any CPU.Build.0 = Release|Any CPU
	EndGlobalSection
	GlobalSection(SolutionProperties) = preSolution
		HideSolutionNode = FALSE
	EndGlobalSection
																								GlobalSection(MonoDevelopProperties) = preSolution
		StartupItem = Assembly-CSharp.csproj
		Policies = $0
		$0.TextStylePolicy = $1
		$1.inheritsSet = null
		$1.scope = text/x-csharp
		$0.CSharpFormattingPolicy = $2
		$2.inheritsSet = Mono
		$2.inheritsScope = text/x-csharp
		$2.scope = text/x-csharp
		$0.TextStylePolicy = $3
		$3.FileWidth = 120
		$3.TabWidth = 4
		$3.IndentWidth = 4
		$3.EolMarker = Unix
		$3.inheritsSet = Mono
		$3.inheritsScope = text/plain
		$3.scope = text/plain
	EndGlobalSection

EndGlobal
